
Microsoft Visual Studio Solution File, Format Version 12.00
# Visual Studio Version 17
VisualStudioVersion = 17.0.32112.339
MinimumVisualStudioVersion = 10.0.40219.1
Project("{9A19103F-16F7-4668-BE54-9A1E7A4F7556}") = "RazorPagesMovie", "RazorPagesMovie\RazorPagesMovie.csproj", "{B0A0E6FF-D178-49B5-91D2-447713B28FC8}"
EndProject
Project("{9A19103F-16F7-4668-BE54-9A1E7A4F7556}") = "MvcMovie", "MvcMovie\MvcMovie.csproj", "{46481F63-C9CF-4E5C-AECE-029166EF67D3}"
EndProject
Project("{2150E333-8FDC-42A3-9474-1A3956D46DE8}") = "最小Web API", "最小Web API", "{11183ACE-3002-4137-B598-1EC8E0C24762}"
EndProject
Project("{9A19103F-16F7-4668-BE54-9A1E7A4F7556}") = "TodoApi", "最小Web Api\TodoApi\TodoApi.csproj", "{8AFFF8E6-56CE-4497-B8C9-474A2215BFA7}"
EndProject
Project("{9A19103F-16F7-4668-BE54-9A1E7A4F7556}") = "ContosoUniversity", "ContosoUniversity\ContosoUniversity.csproj", "{2227957B-C356-4AB5-9595-04B347AFDA57}"
EndProject
Project("{2150E333-8FDC-42A3-9474-1A3956D46DE8}") = "基础", "基础", "{1062F81F-E6AF-43FF-934B-DC705BAAB39F}"
EndProject
Project("{9A19103F-16F7-4668-BE54-9A1E7A4F7556}") = "BaseStudy", "基础\BaseStudy\BaseStudy.csproj", "{D3993D5B-5664-4818-A183-2DA34437C5C7}"
EndProject
Project("{9A19103F-16F7-4668-BE54-9A1E7A4F7556}") = "TodoApi", "TodoApi\TodoApi.csproj", "{BB430170-C1ED-4281-9491-04255731243D}"
EndProject
Project("{9A19103F-16F7-4668-BE54-9A1E7A4F7556}") = "WebApi", "WebApi\WebApi.csproj", "{17691D5E-FC1C-4CAE-B8D5-960A15A922F9}"
EndProject
Project("{9A19103F-16F7-4668-BE54-9A1E7A4F7556}") = "Config", "基础\Config\Config.csproj", "{9B9F817B-A1D5-4D51-8E26-F6EAA2927343}"
EndProject
Project("{9A19103F-16F7-4668-BE54-9A1E7A4F7556}") = "Route", "基础\Route\Route.csproj", "{3F3392AC-D4B0-4221-A844-A3E1D277600D}"
EndProject
Project("{9A19103F-16F7-4668-BE54-9A1E7A4F7556}") = "HttpClient", "基础\HttpClient\HttpClient.csproj", "{AF022C63-3C19-48B8-BD9F-0092C97F3FB7}"
EndProject
Project("{FAE04EC0-301F-11D3-BF4B-00C04F79EFBC}") = "FramworkMVC", "FramworkMVC\FramworkMVC.csproj", "{6E9721D8-7853-4217-91BF-7AB302805DDE}"
EndProject
Project("{FAE04EC0-301F-11D3-BF4B-00C04F79EFBC}") = "framworkWebAPI", "framworkWebAPI\framworkWebAPI.csproj", "{B324E58C-F66D-477D-864E-05D01B2EA53B}"
EndProject
Project("{2150E333-8FDC-42A3-9474-1A3956D46DE8}") = "webapi应用", "webapi应用", "{2846876C-AB5B-4940-BB66-D864D816EBC2}"
EndProject
Project("{9A19103F-16F7-4668-BE54-9A1E7A4F7556}") = "TodoApi", "webapi应用\TodoApi\TodoApi.csproj", "{B24ECE98-DC5D-4DAB-9C4E-AF09EB067EB5}"
EndProject
Project("{9A19103F-16F7-4668-BE54-9A1E7A4F7556}") = "HandleErrorsSample", "源码\aspnetcore\web-api\handle-errors\samples\6.x\HandleErrorsSample\HandleErrorsSample.csproj", "{B876521A-B8B3-4033-BE59-E9EA5B297853}"
EndProject
Project("{00D1A9C2-B5F0-4AF3-8072-F6C62B433612}") = "Database1", "Database1\Database1.sqlproj", "{D71DFA80-CB7F-485C-AB1B-40B5EB1F5609}"
EndProject
Project("{9A19103F-16F7-4668-BE54-9A1E7A4F7556}") = "JenkinsDemo", "JenkinsDemo\JenkinsDemo.csproj", "{2C233BCF-47EF-4A5B-82EA-7FEB50FAB2AD}"
EndProject
Global
	GlobalSection(SolutionConfigurationPlatforms) = preSolution
		Debug|Any CPU = Debug|Any CPU
		Release|Any CPU = Release|Any CPU
	EndGlobalSection
	GlobalSection(ProjectConfigurationPlatforms) = postSolution
		{B0A0E6FF-D178-49B5-91D2-447713B28FC8}.Debug|Any CPU.ActiveCfg = Debug|Any CPU
		{B0A0E6FF-D178-49B5-91D2-447713B28FC8}.Debug|Any CPU.Build.0 = Debug|Any CPU
		{B0A0E6FF-D178-49B5-91D2-447713B28FC8}.Release|Any CPU.ActiveCfg = Release|Any CPU
		{B0A0E6FF-D178-49B5-91D2-447713B28FC8}.Release|Any CPU.Build.0 = Release|Any CPU
		{46481F63-C9CF-4E5C-AECE-029166EF67D3}.Debug|Any CPU.ActiveCfg = Debug|Any CPU
		{46481F63-C9CF-4E5C-AECE-029166EF67D3}.Debug|Any CPU.Build.0 = Debug|Any CPU
		{46481F63-C9CF-4E5C-AECE-029166EF67D3}.Release|Any CPU.ActiveCfg = Release|Any CPU
		{46481F63-C9CF-4E5C-AECE-029166EF67D3}.Release|Any CPU.Build.0 = Release|Any CPU
		{8AFFF8E6-56CE-4497-B8C9-474A2215BFA7}.Debug|Any CPU.ActiveCfg = Debug|Any CPU
		{8AFFF8E6-56CE-4497-B8C9-474A2215BFA7}.Debug|Any CPU.Build.0 = Debug|Any CPU
		{8AFFF8E6-56CE-4497-B8C9-474A2215BFA7}.Release|Any CPU.ActiveCfg = Release|Any CPU
		{8AFFF8E6-56CE-4497-B8C9-474A2215BFA7}.Release|Any CPU.Build.0 = Release|Any CPU
		{2227957B-C356-4AB5-9595-04B347AFDA57}.Debug|Any CPU.ActiveCfg = Debug|Any CPU
		{2227957B-C356-4AB5-9595-04B347AFDA57}.Debug|Any CPU.Build.0 = Debug|Any CPU
		{2227957B-C356-4AB5-9595-04B347AFDA57}.Release|Any CPU.ActiveCfg = Release|Any CPU
		{2227957B-C356-4AB5-9595-04B347AFDA57}.Release|Any CPU.Build.0 = Release|Any CPU
		{D3993D5B-5664-4818-A183-2DA34437C5C7}.Debug|Any CPU.ActiveCfg = Debug|Any CPU
		{D3993D5B-5664-4818-A183-2DA34437C5C7}.Debug|Any CPU.Build.0 = Debug|Any CPU
		{D3993D5B-5664-4818-A183-2DA34437C5C7}.Release|Any CPU.ActiveCfg = Release|Any CPU
		{D3993D5B-5664-4818-A183-2DA34437C5C7}.Release|Any CPU.Build.0 = Release|Any CPU
		{BB430170-C1ED-4281-9491-04255731243D}.Debug|Any CPU.ActiveCfg = Debug|Any CPU
		{BB430170-C1ED-4281-9491-04255731243D}.Debug|Any CPU.Build.0 = Debug|Any CPU
		{BB430170-C1ED-4281-9491-04255731243D}.Release|Any CPU.ActiveCfg = Release|Any CPU
		{BB430170-C1ED-4281-9491-04255731243D}.Release|Any CPU.Build.0 = Release|Any CPU
		{17691D5E-FC1C-4CAE-B8D5-960A15A922F9}.Debug|Any CPU.ActiveCfg = Debug|Any CPU
		{17691D5E-FC1C-4CAE-B8D5-960A15A922F9}.Debug|Any CPU.Build.0 = Debug|Any CPU
		{17691D5E-FC1C-4CAE-B8D5-960A15A922F9}.Release|Any CPU.ActiveCfg = Release|Any CPU
		{17691D5E-FC1C-4CAE-B8D5-960A15A922F9}.Release|Any CPU.Build.0 = Release|Any CPU
		{9B9F817B-A1D5-4D51-8E26-F6EAA2927343}.Debug|Any CPU.ActiveCfg = Debug|Any CPU
		{9B9F817B-A1D5-4D51-8E26-F6EAA2927343}.Debug|Any CPU.Build.0 = Debug|Any CPU
		{9B9F817B-A1D5-4D51-8E26-F6EAA2927343}.Release|Any CPU.ActiveCfg = Release|Any CPU
		{9B9F817B-A1D5-4D51-8E26-F6EAA2927343}.Release|Any CPU.Build.0 = Release|Any CPU
		{3F3392AC-D4B0-4221-A844-A3E1D277600D}.Debug|Any CPU.ActiveCfg = Debug|Any CPU
		{3F3392AC-D4B0-4221-A844-A3E1D277600D}.Debug|Any CPU.Build.0 = Debug|Any CPU
		{3F3392AC-D4B0-4221-A844-A3E1D277600D}.Release|Any CPU.ActiveCfg = Release|Any CPU
		{3F3392AC-D4B0-4221-A844-A3E1D277600D}.Release|Any CPU.Build.0 = Release|Any CPU
		{AF022C63-3C19-48B8-BD9F-0092C97F3FB7}.Debug|Any CPU.ActiveCfg = Debug|Any CPU
		{AF022C63-3C19-48B8-BD9F-0092C97F3FB7}.Debug|Any CPU.Build.0 = Debug|Any CPU
		{AF022C63-3C19-48B8-BD9F-0092C97F3FB7}.Release|Any CPU.ActiveCfg = Release|Any CPU
		{AF022C63-3C19-48B8-BD9F-0092C97F3FB7}.Release|Any CPU.Build.0 = Release|Any CPU
		{6E9721D8-7853-4217-91BF-7AB302805DDE}.Debug|Any CPU.ActiveCfg = Debug|Any CPU
		{6E9721D8-7853-4217-91BF-7AB302805DDE}.Debug|Any CPU.Build.0 = Debug|Any CPU
		{6E9721D8-7853-4217-91BF-7AB302805DDE}.Release|Any CPU.ActiveCfg = Release|Any CPU
		{6E9721D8-7853-4217-91BF-7AB302805DDE}.Release|Any CPU.Build.0 = Release|Any CPU
		{B324E58C-F66D-477D-864E-05D01B2EA53B}.Debug|Any CPU.ActiveCfg = Debug|Any CPU
		{B324E58C-F66D-477D-864E-05D01B2EA53B}.Debug|Any CPU.Build.0 = Debug|Any CPU
		{B324E58C-F66D-477D-864E-05D01B2EA53B}.Release|Any CPU.ActiveCfg = Release|Any CPU
		{B324E58C-F66D-477D-864E-05D01B2EA53B}.Release|Any CPU.Build.0 = Release|Any CPU
		{B24ECE98-DC5D-4DAB-9C4E-AF09EB067EB5}.Debug|Any CPU.ActiveCfg = Debug|Any CPU
		{B24ECE98-DC5D-4DAB-9C4E-AF09EB067EB5}.Debug|Any CPU.Build.0 = Debug|Any CPU
		{B24ECE98-DC5D-4DAB-9C4E-AF09EB067EB5}.Release|Any CPU.ActiveCfg = Release|Any CPU
		{B24ECE98-DC5D-4DAB-9C4E-AF09EB067EB5}.Release|Any CPU.Build.0 = Release|Any CPU
		{B876521A-B8B3-4033-BE59-E9EA5B297853}.Debug|Any CPU.ActiveCfg = Debug|Any CPU
		{B876521A-B8B3-4033-BE59-E9EA5B297853}.Debug|Any CPU.Build.0 = Debug|Any CPU
		{B876521A-B8B3-4033-BE59-E9EA5B297853}.Release|Any CPU.ActiveCfg = Release|Any CPU
		{B876521A-B8B3-4033-BE59-E9EA5B297853}.Release|Any CPU.Build.0 = Release|Any CPU
		{D71DFA80-CB7F-485C-AB1B-40B5EB1F5609}.Debug|Any CPU.ActiveCfg = Debug|Any CPU
		{D71DFA80-CB7F-485C-AB1B-40B5EB1F5609}.Debug|Any CPU.Build.0 = Debug|Any CPU
		{D71DFA80-CB7F-485C-AB1B-40B5EB1F5609}.Debug|Any CPU.Deploy.0 = Debug|Any CPU
		{D71DFA80-CB7F-485C-AB1B-40B5EB1F5609}.Release|Any CPU.ActiveCfg = Release|Any CPU
		{D71DFA80-CB7F-485C-AB1B-40B5EB1F5609}.Release|Any CPU.Build.0 = Release|Any CPU
		{D71DFA80-CB7F-485C-AB1B-40B5EB1F5609}.Release|Any CPU.Deploy.0 = Release|Any CPU
		{2C233BCF-47EF-4A5B-82EA-7FEB50FAB2AD}.Debug|Any CPU.ActiveCfg = Debug|Any CPU
		{2C233BCF-47EF-4A5B-82EA-7FEB50FAB2AD}.Debug|Any CPU.Build.0 = Debug|Any CPU
		{2C233BCF-47EF-4A5B-82EA-7FEB50FAB2AD}.Release|Any CPU.ActiveCfg = Release|Any CPU
		{2C233BCF-47EF-4A5B-82EA-7FEB50FAB2AD}.Release|Any CPU.Build.0 = Release|Any CPU
	EndGlobalSection
	GlobalSection(SolutionProperties) = preSolution
		HideSolutionNode = FALSE
	EndGlobalSection
	GlobalSection(NestedProjects) = preSolution
		{8AFFF8E6-56CE-4497-B8C9-474A2215BFA7} = {11183ACE-3002-4137-B598-1EC8E0C24762}
		{D3993D5B-5664-4818-A183-2DA34437C5C7} = {1062F81F-E6AF-43FF-934B-DC705BAAB39F}
		{9B9F817B-A1D5-4D51-8E26-F6EAA2927343} = {1062F81F-E6AF-43FF-934B-DC705BAAB39F}
		{3F3392AC-D4B0-4221-A844-A3E1D277600D} = {1062F81F-E6AF-43FF-934B-DC705BAAB39F}
		{AF022C63-3C19-48B8-BD9F-0092C97F3FB7} = {1062F81F-E6AF-43FF-934B-DC705BAAB39F}
		{B24ECE98-DC5D-4DAB-9C4E-AF09EB067EB5} = {2846876C-AB5B-4940-BB66-D864D816EBC2}
	EndGlobalSection
	GlobalSection(ExtensibilityGlobals) = postSolution
		SolutionGuid = {9E156591-8A6E-4E96-AD95-BB589146F8E2}
	EndGlobalSection
EndGlobal
